
Microsoft Visual Studio Solution File, Format Version 12.00
# Visual Studio Version 17
VisualStudioVersion = 17.14.36221.1 d17.14
MinimumVisualStudioVersion = 10.0.40219.1
Project("{FAE04EC0-301F-11D3-BF4B-00C04F79EFBC}") = "Binary Search", "Binary Search.csproj", "{6EFF66BE-8DCE-4193-8509-AD6CEFC1EC51}"
EndProject
Global
	GlobalSection(SolutionConfigurationPlatforms) = preSolution
		Debug|Any CPU = Debug|Any CPU
		Release|Any CPU = Release|Any CPU
	EndGlobalSection
	GlobalSection(ProjectConfigurationPlatforms) = postSolution
		{6EFF66BE-8DCE-4193-8509-AD6CEFC1EC51}.Debug|Any CPU.ActiveCfg = Debug|Any CPU
		{6EFF66BE-8DCE-4193-8509-AD6CEFC1EC51}.Debug|Any CPU.Build.0 = Debug|Any CPU
		{6EFF66BE-8DCE-4193-8509-AD6CEFC1EC51}.Release|Any CPU.ActiveCfg = Release|Any CPU
		{6EFF66BE-8DCE-4193-8509-AD6CEFC1EC51}.Release|Any CPU.Build.0 = Release|Any CPU
	EndGlobalSection
	GlobalSection(SolutionProperties) = preSolution
		HideSolutionNode = FALSE
	EndGlobalSection
	GlobalSection(ExtensibilityGlobals) = postSolution
		SolutionGuid = {7CBA2EE5-6AC4-45C8-A4ED-A0B2C80405F3}
	EndGlobalSection
EndGlobal
